
Microsoft Visual Studio Solution File, Format Version 12.00
# Visual Studio Version 16
VisualStudioVersion = 16.0.31321.278
MinimumVisualStudioVersion = 10.0.40219.1
Project("{FAE04EC0-301F-11D3-BF4B-00C04F79EFBC}") = "algoritms-csharp", "algoritms-csharp\algoritms-csharp.csproj", "{65842E55-7FF9-4D99-99FC-D3F67804E268}"
EndProject
Global
	GlobalSection(SolutionConfigurationPlatforms) = preSolution
		Debug|Any CPU = Debug|Any CPU
		Release|Any CPU = Release|Any CPU
	EndGlobalSection
	GlobalSection(ProjectConfigurationPlatforms) = postSolution
		{65842E55-7FF9-4D99-99FC-D3F67804E268}.Debug|Any CPU.ActiveCfg = Debug|Any CPU
		{65842E55-7FF9-4D99-99FC-D3F67804E268}.Debug|Any CPU.Build.0 = Debug|Any CPU
		{65842E55-7FF9-4D99-99FC-D3F67804E268}.Release|Any CPU.ActiveCfg = Release|Any CPU
		{65842E55-7FF9-4D99-99FC-D3F67804E268}.Release|Any CPU.Build.0 = Release|Any CPU
	EndGlobalSection
	GlobalSection(SolutionProperties) = preSolution
		HideSolutionNode = FALSE
	EndGlobalSection
	GlobalSection(ExtensibilityGlobals) = postSolution
		SolutionGuid = {04D75F68-DBFE-478D-9A01-18FE543A2126}
	EndGlobalSection
EndGlobal
